
Microsoft Visual Studio Solution File, Format Version 12.00
# Visual Studio Version 17
VisualStudioVersion = 17.2.32616.157
MinimumVisualStudioVersion = 10.0.40219.1
Project("{FAE04EC0-301F-11D3-BF4B-00C04F79EFBC}") = "ShipGame", "ShipGame.csproj", "{6B47E443-5EF1-49B9-8621-72C1F4439C21}"
EndProject
Global
	GlobalSection(SolutionConfigurationPlatforms) = preSolution
		Debug|Any CPU = Debug|Any CPU
		Release|Any CPU = Release|Any CPU
	EndGlobalSection
	GlobalSection(ProjectConfigurationPlatforms) = postSolution
		{6B47E443-5EF1-49B9-8621-72C1F4439C21}.Debug|Any CPU.ActiveCfg = Debug|Any CPU
		{6B47E443-5EF1-49B9-8621-72C1F4439C21}.Debug|Any CPU.Build.0 = Debug|Any CPU
		{6B47E443-5EF1-49B9-8621-72C1F4439C21}.Release|Any CPU.ActiveCfg = Release|Any CPU
		{6B47E443-5EF1-49B9-8621-72C1F4439C21}.Release|Any CPU.Build.0 = Release|Any CPU
	EndGlobalSection
	GlobalSection(SolutionProperties) = preSolution
		HideSolutionNode = FALSE
	EndGlobalSection
	GlobalSection(ExtensibilityGlobals) = postSolution
		SolutionGuid = {318F1245-6B99-4172-BFF2-7EB594761B87}
	EndGlobalSection
EndGlobal
